
Microsoft Visual Studio Solution File, Format Version 12.00
# Visual Studio Version 17
VisualStudioVersion = 17.6.33815.320
MinimumVisualStudioVersion = 10.0.40219.1
Project("{FAE04EC0-301F-11D3-BF4B-00C04F79EFBC}") = "RTSimTestTaskServerApplication", "RTSimTestTaskServerApplication\RTSimTestTaskServerApplication.csproj", "{815085B8-8A70-423F-A49C-F15B4509BB7F}"
EndProject
Global
	GlobalSection(SolutionConfigurationPlatforms) = preSolution
		Debug|Any CPU = Debug|Any CPU
		Release|Any CPU = Release|Any CPU
	EndGlobalSection
	GlobalSection(ProjectConfigurationPlatforms) = postSolution
		{815085B8-8A70-423F-A49C-F15B4509BB7F}.Debug|Any CPU.ActiveCfg = Debug|Any CPU
		{815085B8-8A70-423F-A49C-F15B4509BB7F}.Debug|Any CPU.Build.0 = Debug|Any CPU
		{815085B8-8A70-423F-A49C-F15B4509BB7F}.Release|Any CPU.ActiveCfg = Release|Any CPU
		{815085B8-8A70-423F-A49C-F15B4509BB7F}.Release|Any CPU.Build.0 = Release|Any CPU
	EndGlobalSection
	GlobalSection(SolutionProperties) = preSolution
		HideSolutionNode = FALSE
	EndGlobalSection
	GlobalSection(ExtensibilityGlobals) = postSolution
		SolutionGuid = {00D7784C-FF15-44A4-9F75-CFFB220F9405}
	EndGlobalSection
EndGlobal
